// !$*UTF8*$!
{
	archiveVersion = 1;
	classes = {
	};
	objectVersion = 54;
	objects = {

/* Begin PBXBuildFile section */
		3B3967161E833CAA004F5970 /* AppFrameworkInfo.plist in Resources */ = {isa = PBXBuildFile; fileRef = 3B3967151E833CAA004F5970 /* AppFrameworkInfo.plist */; };
		97C146FC1CF9000F007C117D /* Main.storyboard in Resources */ = {isa = PBXBuildFile; fileRef = 97C146FA1CF9000F007C117D /* Main.storyboard */; };
		97C146FE1CF9000F007C117D /* LaunchScreen.storyboard in Resources */ = {isa = PBXBuildFile; fileRef = 97C146FC1CF9000F007C117D /* LaunchScreen.storyboard */; };
		// ... many more entries
	};
/* End PBXBuildFile section */

/* Begin PBXFileReference section */
		3B3967151E833CAA004F5970 /* AppFrameworkInfo.plist */ = {isa = PBXFileReference; fileEncoding = 4; lastKnownFileType = text.plist.xml; name = AppFrameworkInfo.plist; path = Flutter/App.framework/Info.plist; sourceTree = "<group>"; };
		97C146FA1CF9000F007C117D /* Main.storyboard */ = {isa = PBXFileReference; fileEncoding = 4; lastKnownFileType = file.storyboard; name = Main.storyboard; path = Runner/Base.lproj/Main.storyboard; sourceTree = "<group>"; };
		97C146FC1CF9000F007C117D /* LaunchScreen.storyboard */ = {isa = PBXFileReference; fileEncoding = 4; lastKnownFileType = file.storyboard; name = LaunchScreen.storyboard; path = Runner/Base.lproj/LaunchScreen.storyboard; sourceTree = "<group>"; };
		// ... many more
/* End PBXFileReference section */

	};
	rootObject = 97C146ED1CF9000F007C117D /* Project object */;
}